
Microsoft Visual Studio Solution File, Format Version 12.00
# Visual Studio Version 17
VisualStudioVersion = 17.1.32414.318
MinimumVisualStudioVersion = 10.0.40219.1
Project("{2150E333-8FDC-42A3-9474-1A3956D46DE8}") = "libs", "libs", "{8382213F-54AE-4EA6-9B71-C3586C361FA4}"
EndProject
Project("{9A19103F-16F7-4668-BE54-9A1E7A4F7556}") = "MITAudioLib", "libs\MITAudioLib\MITAudioLib.csproj", "{72304223-2BA0-4FB8-AA24-68692C8064B8}"
EndProject
Project("{9A19103F-16F7-4668-BE54-9A1E7A4F7556}") = "ESpeakSynthSharp", "libs\ESpeakSynthSharp\ESpeakSynthSharp.csproj", "{CC8D9023-128E-4497-9476-8F3396371122}"
EndProject
Project("{2150E333-8FDC-42A3-9474-1A3956D46DE8}") = "Tests", "Tests", "{84E2D082-9B5D-4C5F-A5A2-22EA67E87254}"
EndProject
Project("{9A19103F-16F7-4668-BE54-9A1E7A4F7556}") = "HelloESpeak", "Tests\HelloESpeak\HelloESpeak.csproj", "{AD4887D8-D6C0-4993-B30F-CBDBF27D4E64}"
EndProject
Project("{9A19103F-16F7-4668-BE54-9A1E7A4F7556}") = "MITAudioLibTest", "Tests\MITAudioLibTest\MITAudioLibTest.csproj", "{3B44A578-3406-4330-9402-EBCD078126AF}"
EndProject
Global
	GlobalSection(SolutionConfigurationPlatforms) = preSolution
		Debug|Any CPU = Debug|Any CPU
		Release|Any CPU = Release|Any CPU
	EndGlobalSection
	GlobalSection(ProjectConfigurationPlatforms) = postSolution
		{72304223-2BA0-4FB8-AA24-68692C8064B8}.Debug|Any CPU.ActiveCfg = Debug|Any CPU
		{72304223-2BA0-4FB8-AA24-68692C8064B8}.Debug|Any CPU.Build.0 = Debug|Any CPU
		{72304223-2BA0-4FB8-AA24-68692C8064B8}.Release|Any CPU.ActiveCfg = Release|Any CPU
		{72304223-2BA0-4FB8-AA24-68692C8064B8}.Release|Any CPU.Build.0 = Release|Any CPU
		{CC8D9023-128E-4497-9476-8F3396371122}.Debug|Any CPU.ActiveCfg = Debug|Any CPU
		{CC8D9023-128E-4497-9476-8F3396371122}.Debug|Any CPU.Build.0 = Debug|Any CPU
		{CC8D9023-128E-4497-9476-8F3396371122}.Release|Any CPU.ActiveCfg = Release|Any CPU
		{CC8D9023-128E-4497-9476-8F3396371122}.Release|Any CPU.Build.0 = Release|Any CPU
		{AD4887D8-D6C0-4993-B30F-CBDBF27D4E64}.Debug|Any CPU.ActiveCfg = Debug|Any CPU
		{AD4887D8-D6C0-4993-B30F-CBDBF27D4E64}.Debug|Any CPU.Build.0 = Debug|Any CPU
		{AD4887D8-D6C0-4993-B30F-CBDBF27D4E64}.Release|Any CPU.ActiveCfg = Release|Any CPU
		{AD4887D8-D6C0-4993-B30F-CBDBF27D4E64}.Release|Any CPU.Build.0 = Release|Any CPU
		{3B44A578-3406-4330-9402-EBCD078126AF}.Debug|Any CPU.ActiveCfg = Debug|Any CPU
		{3B44A578-3406-4330-9402-EBCD078126AF}.Debug|Any CPU.Build.0 = Debug|Any CPU
		{3B44A578-3406-4330-9402-EBCD078126AF}.Release|Any CPU.ActiveCfg = Release|Any CPU
		{3B44A578-3406-4330-9402-EBCD078126AF}.Release|Any CPU.Build.0 = Release|Any CPU
	EndGlobalSection
	GlobalSection(SolutionProperties) = preSolution
		HideSolutionNode = FALSE
	EndGlobalSection
	GlobalSection(NestedProjects) = preSolution
		{72304223-2BA0-4FB8-AA24-68692C8064B8} = {8382213F-54AE-4EA6-9B71-C3586C361FA4}
		{CC8D9023-128E-4497-9476-8F3396371122} = {8382213F-54AE-4EA6-9B71-C3586C361FA4}
		{AD4887D8-D6C0-4993-B30F-CBDBF27D4E64} = {84E2D082-9B5D-4C5F-A5A2-22EA67E87254}
		{3B44A578-3406-4330-9402-EBCD078126AF} = {84E2D082-9B5D-4C5F-A5A2-22EA67E87254}
	EndGlobalSection
	GlobalSection(ExtensibilityGlobals) = postSolution
		SolutionGuid = {FE7ABBCA-1202-4D91-9E3F-65C4769230E2}
	EndGlobalSection
EndGlobal
