
Microsoft Visual Studio Solution File, Format Version 12.00
# Visual Studio Version 16
VisualStudioVersion = 16.0.30114.105
MinimumVisualStudioVersion = 10.0.40219.1
Project("{FAE04EC0-301F-11D3-BF4B-00C04F79EFBC}") = "MITAudioLib", "MITAudioLib\MITAudioLib.csproj", "{69C8F2DC-7D24-41A9-8365-010B4325EF60}"
EndProject
Project("{FAE04EC0-301F-11D3-BF4B-00C04F79EFBC}") = "ESpeakSynthSharp", "ESpeakSynthSharp\ESpeakSynthSharp.csproj", "{D6857706-9CB9-40CB-B4A7-D826B5913C06}"
EndProject
Project("{FAE04EC0-301F-11D3-BF4B-00C04F79EFBC}") = "SpeechClient", "SpeechClient\SpeechClient.csproj", "{A3E07C06-0B34-40FE-9F8C-991712AE3C06}"
EndProject
Project("{FAE04EC0-301F-11D3-BF4B-00C04F79EFBC}") = "CameraClient", "CameraClient\CameraClient.csproj", "{6DA3313A-E22E-443B-B9EF-9D3C21DC7B3F}"
EndProject
Project("{FAE04EC0-301F-11D3-BF4B-00C04F79EFBC}") = "SystemClient", "SystemClient\SystemClient.csproj", "{B748B1E3-76FC-4B38-B2A4-800629588CEA}"
EndProject
Global
	GlobalSection(SolutionConfigurationPlatforms) = preSolution
		Debug|Any CPU = Debug|Any CPU
		Release|Any CPU = Release|Any CPU
	EndGlobalSection
	GlobalSection(SolutionProperties) = preSolution
		HideSolutionNode = FALSE
	EndGlobalSection
	GlobalSection(ProjectConfigurationPlatforms) = postSolution
		{69C8F2DC-7D24-41A9-8365-010B4325EF60}.Debug|Any CPU.ActiveCfg = Debug|Any CPU
		{69C8F2DC-7D24-41A9-8365-010B4325EF60}.Debug|Any CPU.Build.0 = Debug|Any CPU
		{69C8F2DC-7D24-41A9-8365-010B4325EF60}.Release|Any CPU.ActiveCfg = Release|Any CPU
		{69C8F2DC-7D24-41A9-8365-010B4325EF60}.Release|Any CPU.Build.0 = Release|Any CPU
		{D6857706-9CB9-40CB-B4A7-D826B5913C06}.Debug|Any CPU.ActiveCfg = Debug|Any CPU
		{D6857706-9CB9-40CB-B4A7-D826B5913C06}.Debug|Any CPU.Build.0 = Debug|Any CPU
		{D6857706-9CB9-40CB-B4A7-D826B5913C06}.Release|Any CPU.ActiveCfg = Release|Any CPU
		{D6857706-9CB9-40CB-B4A7-D826B5913C06}.Release|Any CPU.Build.0 = Release|Any CPU
		{A3E07C06-0B34-40FE-9F8C-991712AE3C06}.Debug|Any CPU.ActiveCfg = Debug|Any CPU
		{A3E07C06-0B34-40FE-9F8C-991712AE3C06}.Debug|Any CPU.Build.0 = Debug|Any CPU
		{A3E07C06-0B34-40FE-9F8C-991712AE3C06}.Release|Any CPU.ActiveCfg = Release|Any CPU
		{A3E07C06-0B34-40FE-9F8C-991712AE3C06}.Release|Any CPU.Build.0 = Release|Any CPU
		{6DA3313A-E22E-443B-B9EF-9D3C21DC7B3F}.Debug|Any CPU.ActiveCfg = Debug|Any CPU
		{6DA3313A-E22E-443B-B9EF-9D3C21DC7B3F}.Debug|Any CPU.Build.0 = Debug|Any CPU
		{6DA3313A-E22E-443B-B9EF-9D3C21DC7B3F}.Release|Any CPU.ActiveCfg = Release|Any CPU
		{6DA3313A-E22E-443B-B9EF-9D3C21DC7B3F}.Release|Any CPU.Build.0 = Release|Any CPU
		{B748B1E3-76FC-4B38-B2A4-800629588CEA}.Debug|Any CPU.ActiveCfg = Debug|Any CPU
		{B748B1E3-76FC-4B38-B2A4-800629588CEA}.Debug|Any CPU.Build.0 = Debug|Any CPU
		{B748B1E3-76FC-4B38-B2A4-800629588CEA}.Release|Any CPU.ActiveCfg = Release|Any CPU
		{B748B1E3-76FC-4B38-B2A4-800629588CEA}.Release|Any CPU.Build.0 = Release|Any CPU
	EndGlobalSection
EndGlobal
